// !$*UTF8*$!
{
	archiveVersion = 1;
	classes = {
	};
	objectVersion = 56;
	objects = {

/* Begin PBXBuildFile section */
		3C99671B2C7C896600649B53 /* TodoListForTestTests.swift in Sources */ = {isa = PBXBuildFile; fileRef = 3C99671A2C7C896600649B53 /* TodoListForTestTests.swift */; };
		3CA205D82C7B132500F9E2F6 /* AppDelegate.swift in Sources */ = {isa = PBXBuildFile; fileRef = 3CA205D72C7B132500F9E2F6 /* AppDelegate.swift */; };
		3CA205DA2C7B132500F9E2F6 /* SceneDelegate.swift in Sources */ = {isa = PBXBuildFile; fileRef = 3CA205D92C7B132500F9E2F6 /* SceneDelegate.swift */; };
		3CA205DC2C7B132500F9E2F6 /* TodoListView.swift in Sources */ = {isa = PBXBuildFile; fileRef = 3CA205DB2C7B132500F9E2F6 /* TodoListView.swift */; };
		3CA205E22C7B132500F9E2F6 /* TodoListForTest.xcdatamodeld in Sources */ = {isa = PBXBuildFile; fileRef = 3CA205E02C7B132500F9E2F6 /* TodoListForTest.xcdatamodeld */; };
		3CA205E42C7B132700F9E2F6 /* Assets.xcassets in Resources */ = {isa = PBXBuildFile; fileRef = 3CA205E32C7B132700F9E2F6 /* Assets.xcassets */; };
		3CA205E72C7B132700F9E2F6 /* Base in Resources */ = {isa = PBXBuildFile; fileRef = 3CA205E62C7B132700F9E2F6 /* Base */; };
		3CA2060D2C7B13B700F9E2F6 /* CoreDataManager.swift in Sources */ = {isa = PBXBuildFile; fileRef = 3CA2060C2C7B13B700F9E2F6 /* CoreDataManager.swift */; };
		3CA206102C7B13F600F9E2F6 /* Entity+CoreDataClass.swift in Sources */ = {isa = PBXBuildFile; fileRef = 3CA2060E2C7B13F600F9E2F6 /* Entity+CoreDataClass.swift */; };
		3CA206112C7B13F600F9E2F6 /* Entity+CoreDataProperties.swift in Sources */ = {isa = PBXBuildFile; fileRef = 3CA2060F2C7B13F600F9E2F6 /* Entity+CoreDataProperties.swift */; };
		3CA206152C7B157D00F9E2F6 /* TodoListPresenter.swift in Sources */ = {isa = PBXBuildFile; fileRef = 3CA206142C7B157D00F9E2F6 /* TodoListPresenter.swift */; };
		3CA206172C7B158800F9E2F6 /* TodoListInteractor.swift in Sources */ = {isa = PBXBuildFile; fileRef = 3CA206162C7B158800F9E2F6 /* TodoListInteractor.swift */; };
		3CA2061A2C7B174700F9E2F6 /* NetworkManager.swift in Sources */ = {isa = PBXBuildFile; fileRef = 3CA206192C7B174700F9E2F6 /* NetworkManager.swift */; };
		3CA2061C2C7B183A00F9E2F6 /* Router.swift in Sources */ = {isa = PBXBuildFile; fileRef = 3CA2061B2C7B183A00F9E2F6 /* Router.swift */; };
		3CA2061E2C7B184D00F9E2F6 /* Builder.swift in Sources */ = {isa = PBXBuildFile; fileRef = 3CA2061D2C7B184D00F9E2F6 /* Builder.swift */; };
		3CA206282C7B19B500F9E2F6 /* Extension TextField.swift in Sources */ = {isa = PBXBuildFile; fileRef = 3CA206272C7B19B500F9E2F6 /* Extension TextField.swift */; };
		3CA2062A2C7B1A4C00F9E2F6 /* TodoListViewModel.swift in Sources */ = {isa = PBXBuildFile; fileRef = 3CA206292C7B1A4C00F9E2F6 /* TodoListViewModel.swift */; };
		3CD161E62C7B88C1009411CE /* TodoListCell.swift in Sources */ = {isa = PBXBuildFile; fileRef = 3CD161E52C7B88C1009411CE /* TodoListCell.swift */; };
		3CD161E82C7B8A04009411CE /* Extension UILabel.swift in Sources */ = {isa = PBXBuildFile; fileRef = 3CD161E72C7B8A04009411CE /* Extension UILabel.swift */; };
/* End PBXBuildFile section */

/* Begin PBXContainerItemProxy section */
		3C99671C2C7C896600649B53 /* PBXContainerItemProxy */ = {
			isa = PBXContainerItemProxy;
			containerPortal = 3CA205CC2C7B132500F9E2F6 /* Project object */;
			proxyType = 1;
			remoteGlobalIDString = 3CA205D32C7B132500F9E2F6;
			remoteInfo = TodoListForTest;
		};
/* End PBXContainerItemProxy section */

/* Begin PBXFileReference section */
		3C9967182C7C896600649B53 /* TodoListForTestTests.xctest */ = {isa = PBXFileReference; explicitFileType = wrapper.cfbundle; includeInIndex = 0; path = TodoListForTestTests.xctest; sourceTree = BUILT_PRODUCTS_DIR; };
		3C99671A2C7C896600649B53 /* TodoListForTestTests.swift */ = {isa = PBXFileReference; lastKnownFileType = sourcecode.swift; path = TodoListForTestTests.swift; sourceTree = "<group>"; };
		3CA205D42C7B132500F9E2F6 /* TodoListForTest.app */ = {isa = PBXFileReference; explicitFileType = wrapper.application; includeInIndex = 0; path = TodoListForTest.app; sourceTree = BUILT_PRODUCTS_DIR; };
		3CA205D72C7B132500F9E2F6 /* AppDelegate.swift */ = {isa = PBXFileReference; lastKnownFileType = sourcecode.swift; path = AppDelegate.swift; sourceTree = "<group>"; };
		3CA205D92C7B132500F9E2F6 /* SceneDelegate.swift */ = {isa = PBXFileReference; lastKnownFileType = sourcecode.swift; path = SceneDelegate.swift; sourceTree = "<group>"; };
		3CA205DB2C7B132500F9E2F6 /* TodoListView.swift */ = {isa = PBXFileReference; lastKnownFileType = sourcecode.swift; path = TodoListView.swift; sourceTree = "<group>"; };
		3CA205E12C7B132500F9E2F6 /* TodoListForTest.xcdatamodel */ = {isa = PBXFileReference; lastKnownFileType = wrapper.xcdatamodel; path = TodoListForTest.xcdatamodel; sourceTree = "<group>"; };
		3CA205E32C7B132700F9E2F6 /* Assets.xcassets */ = {isa = PBXFileReference; lastKnownFileType = folder.assetcatalog; path = Assets.xcassets; sourceTree = "<group>"; };
		3CA205E62C7B132700F9E2F6 /* Base */ = {isa = PBXFileReference; lastKnownFileType = file.storyboard; name = Base; path = Base.lproj/LaunchScreen.storyboard; sourceTree = "<group>"; };
		3CA205E82C7B132700F9E2F6 /* Info.plist */ = {isa = PBXFileReference; lastKnownFileType = text.plist.xml; path = Info.plist; sourceTree = "<group>"; };
		3CA2060C2C7B13B700F9E2F6 /* CoreDataManager.swift */ = {isa = PBXFileReference; lastKnownFileType = sourcecode.swift; path = CoreDataManager.swift; sourceTree = "<group>"; };
		3CA2060E2C7B13F600F9E2F6 /* Entity+CoreDataClass.swift */ = {isa = PBXFileReference; lastKnownFileType = sourcecode.swift; path = "Entity+CoreDataClass.swift"; sourceTree = "<group>"; };
		3CA2060F2C7B13F600F9E2F6 /* Entity+CoreDataProperties.swift */ = {isa = PBXFileReference; lastKnownFileType = sourcecode.swift; path = "Entity+CoreDataProperties.swift"; sourceTree = "<group>"; };
		3CA206142C7B157D00F9E2F6 /* TodoListPresenter.swift */ = {isa = PBXFileReference; lastKnownFileType = sourcecode.swift; path = TodoListPresenter.swift; sourceTree = "<group>"; };
		3CA206162C7B158800F9E2F6 /* TodoListInteractor.swift */ = {isa = PBXFileReference; lastKnownFileType = sourcecode.swift; path = TodoListInteractor.swift; sourceTree = "<group>"; };
		3CA206192C7B174700F9E2F6 /* NetworkManager.swift */ = {isa = PBXFileReference; lastKnownFileType = sourcecode.swift; path = NetworkManager.swift; sourceTree = "<group>"; };
		3CA2061B2C7B183A00F9E2F6 /* Router.swift */ = {isa = PBXFileReference; lastKnownFileType = sourcecode.swift; path = Router.swift; sourceTree = "<group>"; };
		3CA2061D2C7B184D00F9E2F6 /* Builder.swift */ = {isa = PBXFileReference; lastKnownFileType = sourcecode.swift; path = Builder.swift; sourceTree = "<group>"; };
		3CA206272C7B19B500F9E2F6 /* Extension TextField.swift */ = {isa = PBXFileReference; lastKnownFileType = sourcecode.swift; path = "Extension TextField.swift"; sourceTree = "<group>"; };
		3CA206292C7B1A4C00F9E2F6 /* TodoListViewModel.swift */ = {isa = PBXFileReference; lastKnownFileType = sourcecode.swift; path = TodoListViewModel.swift; sourceTree = "<group>"; };
		3CD161E52C7B88C1009411CE /* TodoListCell.swift */ = {isa = PBXFileReference; lastKnownFileType = sourcecode.swift; path = TodoListCell.swift; sourceTree = "<group>"; };
		3CD161E72C7B8A04009411CE /* Extension UILabel.swift */ = {isa = PBXFileReference; lastKnownFileType = sourcecode.swift; path = "Extension UILabel.swift"; sourceTree = "<group>"; };
/* End PBXFileReference section */

/* Begin PBXFrameworksBuildPhase section */
		3C9967152C7C896600649B53 /* Frameworks */ = {
			isa = PBXFrameworksBuildPhase;
			buildActionMask = 2147483647;
			files = (
			);
			runOnlyForDeploymentPostprocessing = 0;
		};
		3CA205D12C7B132500F9E2F6 /* Frameworks */ = {
			isa = PBXFrameworksBuildPhase;
			buildActionMask = 2147483647;
			files = (
			);
			runOnlyForDeploymentPostprocessing = 0;
		};
/* End PBXFrameworksBuildPhase section */

/* Begin PBXGroup section */
		3C9967192C7C896600649B53 /* TodoListForTestTests */ = {
			isa = PBXGroup;
			children = (
				3C99671A2C7C896600649B53 /* TodoListForTestTests.swift */,
			);
			path = TodoListForTestTests;
			sourceTree = "<group>";
		};
		3CA205CB2C7B132500F9E2F6 = {
			isa = PBXGroup;
			children = (
				3CA205D62C7B132500F9E2F6 /* TodoListForTest */,
				3C9967192C7C896600649B53 /* TodoListForTestTests */,
				3CA205D52C7B132500F9E2F6 /* Products */,
			);
			sourceTree = "<group>";
		};
		3CA205D52C7B132500F9E2F6 /* Products */ = {
			isa = PBXGroup;
			children = (
				3CA205D42C7B132500F9E2F6 /* TodoListForTest.app */,
				3C9967182C7C896600649B53 /* TodoListForTestTests.xctest */,
			);
			name = Products;
			sourceTree = "<group>";
		};
		3CA205D62C7B132500F9E2F6 /* TodoListForTest */ = {
			isa = PBXGroup;
			children = (
				3CA206262C7B19AA00F9E2F6 /* Support */,
				3CA2060A2C7B134F00F9E2F6 /* Common */,
				3CA206122C7B140300F9E2F6 /* Entity */,
				3CA2060B2C7B13AD00F9E2F6 /* Service */,
				3CA206132C7B155F00F9E2F6 /* TodoListScreen */,
			);
			path = TodoListForTest;
			sourceTree = "<group>";
		};
		3CA2060A2C7B134F00F9E2F6 /* Common */ = {
			isa = PBXGroup;
			children = (
				3CA205D72C7B132500F9E2F6 /* AppDelegate.swift */,
				3CA205D92C7B132500F9E2F6 /* SceneDelegate.swift */,
				3CA205E32C7B132700F9E2F6 /* Assets.xcassets */,
				3CA205E52C7B132700F9E2F6 /* LaunchScreen.storyboard */,
				3CA205E02C7B132500F9E2F6 /* TodoListForTest.xcdatamodeld */,
				3CA205E82C7B132700F9E2F6 /* Info.plist */,
			);
			path = Common;
			sourceTree = "<group>";
		};
		3CA2060B2C7B13AD00F9E2F6 /* Service */ = {
			isa = PBXGroup;
			children = (
				3CA2060C2C7B13B700F9E2F6 /* CoreDataManager.swift */,
				3CA206192C7B174700F9E2F6 /* NetworkManager.swift */,
				3CA2061B2C7B183A00F9E2F6 /* Router.swift */,
				3CA2061D2C7B184D00F9E2F6 /* Builder.swift */,
			);
			path = Service;
			sourceTree = "<group>";
		};
		3CA206122C7B140300F9E2F6 /* Entity */ = {
			isa = PBXGroup;
			children = (
				3CA2060E2C7B13F600F9E2F6 /* Entity+CoreDataClass.swift */,
				3CA2060F2C7B13F600F9E2F6 /* Entity+CoreDataProperties.swift */,
			);
			path = Entity;
			sourceTree = "<group>";
		};
		3CA206132C7B155F00F9E2F6 /* TodoListScreen */ = {
			isa = PBXGroup;
			children = (
				3CA205DB2C7B132500F9E2F6 /* TodoListView.swift */,
				3CA206162C7B158800F9E2F6 /* TodoListInteractor.swift */,
				3CA206142C7B157D00F9E2F6 /* TodoListPresenter.swift */,
				3CA206292C7B1A4C00F9E2F6 /* TodoListViewModel.swift */,
				3CD161E52C7B88C1009411CE /* TodoListCell.swift */,
			);
			path = TodoListScreen;
			sourceTree = "<group>";
		};
		3CA206262C7B19AA00F9E2F6 /* Support */ = {
			isa = PBXGroup;
			children = (
				3CA206272C7B19B500F9E2F6 /* Extension TextField.swift */,
				3CD161E72C7B8A04009411CE /* Extension UILabel.swift */,
			);
			path = Support;
			sourceTree = "<group>";
		};
/* End PBXGroup section */

/* Begin PBXNativeTarget section */
		3C9967172C7C896600649B53 /* TodoListForTestTests */ = {
			isa = PBXNativeTarget;
			buildConfigurationList = 3C99671E2C7C896600649B53 /* Build configuration list for PBXNativeTarget "TodoListForTestTests" */;
			buildPhases = (
				3C9967142C7C896600649B53 /* Sources */,
				3C9967152C7C896600649B53 /* Frameworks */,
				3C9967162C7C896600649B53 /* Resources */,
			);
			buildRules = (
			);
			dependencies = (
				3C99671D2C7C896600649B53 /* PBXTargetDependency */,
			);
			name = TodoListForTestTests;
			productName = TodoListForTestTests;
			productReference = 3C9967182C7C896600649B53 /* TodoListForTestTests.xctest */;
			productType = "com.apple.product-type.bundle.unit-test";
		};
		3CA205D32C7B132500F9E2F6 /* TodoListForTest */ = {
			isa = PBXNativeTarget;
			buildConfigurationList = 3CA206012C7B132700F9E2F6 /* Build configuration list for PBXNativeTarget "TodoListForTest" */;
			buildPhases = (
				3CA205D02C7B132500F9E2F6 /* Sources */,
				3CA205D12C7B132500F9E2F6 /* Frameworks */,
				3CA205D22C7B132500F9E2F6 /* Resources */,
			);
			buildRules = (
			);
			dependencies = (
			);
			name = TodoListForTest;
			productName = TodoListForTest;
			productReference = 3CA205D42C7B132500F9E2F6 /* TodoListForTest.app */;
			productType = "com.apple.product-type.application";
		};
/* End PBXNativeTarget section */

/* Begin PBXProject section */
		3CA205CC2C7B132500F9E2F6 /* Project object */ = {
			isa = PBXProject;
			attributes = {
				BuildIndependentTargetsInParallel = 1;
				LastSwiftUpdateCheck = 1540;
				LastUpgradeCheck = 1540;
				TargetAttributes = {
					3C9967172C7C896600649B53 = {
						CreatedOnToolsVersion = 15.4;
						TestTargetID = 3CA205D32C7B132500F9E2F6;
					};
					3CA205D32C7B132500F9E2F6 = {
						CreatedOnToolsVersion = 15.4;
					};
				};
			};
			buildConfigurationList = 3CA205CF2C7B132500F9E2F6 /* Build configuration list for PBXProject "TodoListForTest" */;
			compatibilityVersion = "Xcode 14.0";
			developmentRegion = en;
			hasScannedForEncodings = 0;
			knownRegions = (
				en,
				Base,
			);
			mainGroup = 3CA205CB2C7B132500F9E2F6;
			productRefGroup = 3CA205D52C7B132500F9E2F6 /* Products */;
			projectDirPath = "";
			projectRoot = "";
			targets = (
				3CA205D32C7B132500F9E2F6 /* TodoListForTest */,
				3C9967172C7C896600649B53 /* TodoListForTestTests */,
			);
		};
/* End PBXProject section */

/* Begin PBXResourcesBuildPhase section */
		3C9967162C7C896600649B53 /* Resources */ = {
			isa = PBXResourcesBuildPhase;
			buildActionMask = 2147483647;
			files = (
			);
			runOnlyForDeploymentPostprocessing = 0;
		};
		3CA205D22C7B132500F9E2F6 /* Resources */ = {
			isa = PBXResourcesBuildPhase;
			buildActionMask = 2147483647;
			files = (
				3CA205E42C7B132700F9E2F6 /* Assets.xcassets in Resources */,
				3CA205E72C7B132700F9E2F6 /* Base in Resources */,
			);
			runOnlyForDeploymentPostprocessing = 0;
		};
/* End PBXResourcesBuildPhase section */

/* Begin PBXSourcesBuildPhase section */
		3C9967142C7C896600649B53 /* Sources */ = {
			isa = PBXSourcesBuildPhase;
			buildActionMask = 2147483647;
			files = (
				3C99671B2C7C896600649B53 /* TodoListForTestTests.swift in Sources */,
			);
			runOnlyForDeploymentPostprocessing = 0;
		};
		3CA205D02C7B132500F9E2F6 /* Sources */ = {
			isa = PBXSourcesBuildPhase;
			buildActionMask = 2147483647;
			files = (
				3CD161E82C7B8A04009411CE /* Extension UILabel.swift in Sources */,
				3CA2061C2C7B183A00F9E2F6 /* Router.swift in Sources */,
				3CA205DC2C7B132500F9E2F6 /* TodoListView.swift in Sources */,
				3CD161E62C7B88C1009411CE /* TodoListCell.swift in Sources */,
				3CA2062A2C7B1A4C00F9E2F6 /* TodoListViewModel.swift in Sources */,
				3CA205E22C7B132500F9E2F6 /* TodoListForTest.xcdatamodeld in Sources */,
				3CA2061A2C7B174700F9E2F6 /* NetworkManager.swift in Sources */,
				3CA205D82C7B132500F9E2F6 /* AppDelegate.swift in Sources */,
				3CA2060D2C7B13B700F9E2F6 /* CoreDataManager.swift in Sources */,
				3CA206152C7B157D00F9E2F6 /* TodoListPresenter.swift in Sources */,
				3CA206102C7B13F600F9E2F6 /* Entity+CoreDataClass.swift in Sources */,
				3CA206282C7B19B500F9E2F6 /* Extension TextField.swift in Sources */,
				3CA206112C7B13F600F9E2F6 /* Entity+CoreDataProperties.swift in Sources */,
				3CA206172C7B158800F9E2F6 /* TodoListInteractor.swift in Sources */,
				3CA205DA2C7B132500F9E2F6 /* SceneDelegate.swift in Sources */,
				3CA2061E2C7B184D00F9E2F6 /* Builder.swift in Sources */,
			);
			runOnlyForDeploymentPostprocessing = 0;
		};
/* End PBXSourcesBuildPhase section */

/* Begin PBXTargetDependency section */
		3C99671D2C7C896600649B53 /* PBXTargetDependency */ = {
			isa = PBXTargetDependency;
			target = 3CA205D32C7B132500F9E2F6 /* TodoListForTest */;
			targetProxy = 3C99671C2C7C896600649B53 /* PBXContainerItemProxy */;
		};
/* End PBXTargetDependency section */

/* Begin PBXVariantGroup section */
		3CA205E52C7B132700F9E2F6 /* LaunchScreen.storyboard */ = {
			isa = PBXVariantGroup;
			children = (
				3CA205E62C7B132700F9E2F6 /* Base */,
			);
			name = LaunchScreen.storyboard;
			sourceTree = "<group>";
		};
/* End PBXVariantGroup section */

/* Begin XCBuildConfiguration section */
		3C99671F2C7C896600649B53 /* Debug */ = {
			isa = XCBuildConfiguration;
			buildSettings = {
				BUNDLE_LOADER = "$(TEST_HOST)";
				CODE_SIGN_STYLE = Automatic;
				CURRENT_PROJECT_VERSION = 1;
				GENERATE_INFOPLIST_FILE = YES;
				MARKETING_VERSION = 1.0;
				PRODUCT_BUNDLE_IDENTIFIER = TodoListForTest.TodoListForTestTests;
				PRODUCT_NAME = "$(TARGET_NAME)";
				SWIFT_EMIT_LOC_STRINGS = NO;
				SWIFT_VERSION = 5.0;
				TARGETED_DEVICE_FAMILY = "1,2";
				TEST_HOST = "$(BUILT_PRODUCTS_DIR)/TodoListForTest.app/$(BUNDLE_EXECUTABLE_FOLDER_PATH)/TodoListForTest";
			};
			name = Debug;
		};
		3C9967202C7C896600649B53 /* Release */ = {
			isa = XCBuildConfiguration;
			buildSettings = {
				BUNDLE_LOADER = "$(TEST_HOST)";
				CODE_SIGN_STYLE = Automatic;
				CURRENT_PROJECT_VERSION = 1;
				GENERATE_INFOPLIST_FILE = YES;
				MARKETING_VERSION = 1.0;
				PRODUCT_BUNDLE_IDENTIFIER = TodoListForTest.TodoListForTestTests;
				PRODUCT_NAME = "$(TARGET_NAME)";
				SWIFT_EMIT_LOC_STRINGS = NO;
				SWIFT_VERSION = 5.0;
				TARGETED_DEVICE_FAMILY = "1,2";
				TEST_HOST = "$(BUILT_PRODUCTS_DIR)/TodoListForTest.app/$(BUNDLE_EXECUTABLE_FOLDER_PATH)/TodoListForTest";
			};
			name = Release;
		};
		3CA205FF2C7B132700F9E2F6 /* Debug */ = {
			isa = XCBuildConfiguration;
			buildSettings = {
				ALWAYS_SEARCH_USER_PATHS = NO;
				ASSETCATALOG_COMPILER_GENERATE_SWIFT_ASSET_SYMBOL_EXTENSIONS = YES;
				CLANG_ANALYZER_NONNULL = YES;
				CLANG_ANALYZER_NUMBER_OBJECT_CONVERSION = YES_AGGRESSIVE;
				CLANG_CXX_LANGUAGE_STANDARD = "gnu++20";
				CLANG_ENABLE_MODULES = YES;
				CLANG_ENABLE_OBJC_ARC = YES;
				CLANG_ENABLE_OBJC_WEAK = YES;
				CLANG_WARN_BLOCK_CAPTURE_AUTORELEASING = YES;
				CLANG_WARN_BOOL_CONVERSION = YES;
				CLANG_WARN_COMMA = YES;
				CLANG_WARN_CONSTANT_CONVERSION = YES;
				CLANG_WARN_DEPRECATED_OBJC_IMPLEMENTATIONS = YES;
				CLANG_WARN_DIRECT_OBJC_ISA_USAGE = YES_ERROR;
				CLANG_WARN_DOCUMENTATION_COMMENTS = YES;
				CLANG_WARN_EMPTY_BODY = YES;
				CLANG_WARN_ENUM_CONVERSION = YES;
				CLANG_WARN_INFINITE_RECURSION = YES;
				CLANG_WARN_INT_CONVERSION = YES;
				CLANG_WARN_NON_LITERAL_NULL_CONVERSION = YES;
				CLANG_WARN_OBJC_IMPLICIT_RETAIN_SELF = YES;
				CLANG_WARN_OBJC_LITERAL_CONVERSION = YES;
				CLANG_WARN_OBJC_ROOT_CLASS = YES_ERROR;
				CLANG_WARN_QUOTED_INCLUDE_IN_FRAMEWORK_HEADER = YES;
				CLANG_WARN_RANGE_LOOP_ANALYSIS = YES;
				CLANG_WARN_STRICT_PROTOTYPES = YES;
				CLANG_WARN_SUSPICIOUS_MOVE = YES;
				CLANG_WARN_UNGUARDED_AVAILABILITY = YES_AGGRESSIVE;
				CLANG_WARN_UNREACHABLE_CODE = YES;
				CLANG_WARN__DUPLICATE_METHOD_MATCH = YES;
				COPY_PHASE_STRIP = NO;
				DEBUG_INFORMATION_FORMAT = dwarf;
				ENABLE_STRICT_OBJC_MSGSEND = YES;
				ENABLE_TESTABILITY = YES;
				ENABLE_USER_SCRIPT_SANDBOXING = YES;
				GCC_C_LANGUAGE_STANDARD = gnu17;
				GCC_DYNAMIC_NO_PIC = NO;
				GCC_NO_COMMON_BLOCKS = YES;
				GCC_OPTIMIZATION_LEVEL = 0;
				GCC_PREPROCESSOR_DEFINITIONS = (
					"DEBUG=1",
					"$(inherited)",
				);
				GCC_WARN_64_TO_32_BIT_CONVERSION = YES;
				GCC_WARN_ABOUT_RETURN_TYPE = YES_ERROR;
				GCC_WARN_UNDECLARED_SELECTOR = YES;
				GCC_WARN_UNINITIALIZED_AUTOS = YES_AGGRESSIVE;
				GCC_WARN_UNUSED_FUNCTION = YES;
				GCC_WARN_UNUSED_VARIABLE = YES;
				IPHONEOS_DEPLOYMENT_TARGET = 17.5;
				LOCALIZATION_PREFERS_STRING_CATALOGS = YES;
				MTL_ENABLE_DEBUG_INFO = INCLUDE_SOURCE;
				MTL_FAST_MATH = YES;
				ONLY_ACTIVE_ARCH = YES;
				SDKROOT = iphoneos;
				SWIFT_ACTIVE_COMPILATION_CONDITIONS = "DEBUG $(inherited)";
				SWIFT_OPTIMIZATION_LEVEL = "-Onone";
			};
			name = Debug;
		};
		3CA206002C7B132700F9E2F6 /* Release */ = {
			isa = XCBuildConfiguration;
			buildSettings = {
				ALWAYS_SEARCH_USER_PATHS = NO;
				ASSETCATALOG_COMPILER_GENERATE_SWIFT_ASSET_SYMBOL_EXTENSIONS = YES;
				CLANG_ANALYZER_NONNULL = YES;
				CLANG_ANALYZER_NUMBER_OBJECT_CONVERSION = YES_AGGRESSIVE;
				CLANG_CXX_LANGUAGE_STANDARD = "gnu++20";
				CLANG_ENABLE_MODULES = YES;
				CLANG_ENABLE_OBJC_ARC = YES;
				CLANG_ENABLE_OBJC_WEAK = YES;
				CLANG_WARN_BLOCK_CAPTURE_AUTORELEASING = YES;
				CLANG_WARN_BOOL_CONVERSION = YES;
				CLANG_WARN_COMMA = YES;
				CLANG_WARN_CONSTANT_CONVERSION = YES;
				CLANG_WARN_DEPRECATED_OBJC_IMPLEMENTATIONS = YES;
				CLANG_WARN_DIRECT_OBJC_ISA_USAGE = YES_ERROR;
				CLANG_WARN_DOCUMENTATION_COMMENTS = YES;
				CLANG_WARN_EMPTY_BODY = YES;
				CLANG_WARN_ENUM_CONVERSION = YES;
				CLANG_WARN_INFINITE_RECURSION = YES;
				CLANG_WARN_INT_CONVERSION = YES;
				CLANG_WARN_NON_LITERAL_NULL_CONVERSION = YES;
				CLANG_WARN_OBJC_IMPLICIT_RETAIN_SELF = YES;
				CLANG_WARN_OBJC_LITERAL_CONVERSION = YES;
				CLANG_WARN_OBJC_ROOT_CLASS = YES_ERROR;
				CLANG_WARN_QUOTED_INCLUDE_IN_FRAMEWORK_HEADER = YES;
				CLANG_WARN_RANGE_LOOP_ANALYSIS = YES;
				CLANG_WARN_STRICT_PROTOTYPES = YES;
				CLANG_WARN_SUSPICIOUS_MOVE = YES;
				CLANG_WARN_UNGUARDED_AVAILABILITY = YES_AGGRESSIVE;
				CLANG_WARN_UNREACHABLE_CODE = YES;
				CLANG_WARN__DUPLICATE_METHOD_MATCH = YES;
				COPY_PHASE_STRIP = NO;
				DEBUG_INFORMATION_FORMAT = "dwarf-with-dsym";
				ENABLE_NS_ASSERTIONS = NO;
				ENABLE_STRICT_OBJC_MSGSEND = YES;
				ENABLE_USER_SCRIPT_SANDBOXING = YES;
				GCC_C_LANGUAGE_STANDARD = gnu17;
				GCC_NO_COMMON_BLOCKS = YES;
				GCC_WARN_64_TO_32_BIT_CONVERSION = YES;
				GCC_WARN_ABOUT_RETURN_TYPE = YES_ERROR;
				GCC_WARN_UNDECLARED_SELECTOR = YES;
				GCC_WARN_UNINITIALIZED_AUTOS = YES_AGGRESSIVE;
				GCC_WARN_UNUSED_FUNCTION = YES;
				GCC_WARN_UNUSED_VARIABLE = YES;
				IPHONEOS_DEPLOYMENT_TARGET = 17.5;
				LOCALIZATION_PREFERS_STRING_CATALOGS = YES;
				MTL_ENABLE_DEBUG_INFO = NO;
				MTL_FAST_MATH = YES;
				SDKROOT = iphoneos;
				SWIFT_COMPILATION_MODE = wholemodule;
				VALIDATE_PRODUCT = YES;
			};
			name = Release;
		};
		3CA206022C7B132700F9E2F6 /* Debug */ = {
			isa = XCBuildConfiguration;
			buildSettings = {
				ASSETCATALOG_COMPILER_APPICON_NAME = AppIcon;
				ASSETCATALOG_COMPILER_GLOBAL_ACCENT_COLOR_NAME = AccentColor;
				CODE_SIGN_STYLE = Automatic;
				CURRENT_PROJECT_VERSION = 1;
				GENERATE_INFOPLIST_FILE = YES;
				INFOPLIST_FILE = TodoListForTest/Common/Info.plist;
				INFOPLIST_KEY_UIApplicationSupportsIndirectInputEvents = YES;
				INFOPLIST_KEY_UILaunchStoryboardName = LaunchScreen;
				INFOPLIST_KEY_UIStatusBarStyle = "";
				INFOPLIST_KEY_UISupportedInterfaceOrientations = UIInterfaceOrientationPortrait;
				INFOPLIST_KEY_UISupportedInterfaceOrientations_iPad = "UIInterfaceOrientationLandscapeLeft UIInterfaceOrientationLandscapeRight UIInterfaceOrientationPortrait UIInterfaceOrientationPortraitUpsideDown";
				LD_RUNPATH_SEARCH_PATHS = (
					"$(inherited)",
					"@executable_path/Frameworks",
				);
				MARKETING_VERSION = 1.0;
				PRODUCT_BUNDLE_IDENTIFIER = TodoListForTest.TodoListForTest;
				PRODUCT_NAME = "$(TARGET_NAME)";
				SUPPORTED_PLATFORMS = "iphoneos iphonesimulator";
				SUPPORTS_MACCATALYST = NO;
				SUPPORTS_MAC_DESIGNED_FOR_IPHONE_IPAD = NO;
				SUPPORTS_XR_DESIGNED_FOR_IPHONE_IPAD = NO;
				SWIFT_EMIT_LOC_STRINGS = YES;
				SWIFT_VERSION = 5.0;
				TARGETED_DEVICE_FAMILY = 1;
			};
			name = Debug;
		};
		3CA206032C7B132700F9E2F6 /* Release */ = {
			isa = XCBuildConfiguration;
			buildSettings = {
				ASSETCATALOG_COMPILER_APPICON_NAME = AppIcon;
				ASSETCATALOG_COMPILER_GLOBAL_ACCENT_COLOR_NAME = AccentColor;
				CODE_SIGN_STYLE = Automatic;
				CURRENT_PROJECT_VERSION = 1;
				GENERATE_INFOPLIST_FILE = YES;
				INFOPLIST_FILE = TodoListForTest/Common/Info.plist;
				INFOPLIST_KEY_UIApplicationSupportsIndirectInputEvents = YES;
				INFOPLIST_KEY_UILaunchStoryboardName = LaunchScreen;
				INFOPLIST_KEY_UIStatusBarStyle = "";
				INFOPLIST_KEY_UISupportedInterfaceOrientations = UIInterfaceOrientationPortrait;
				INFOPLIST_KEY_UISupportedInterfaceOrientations_iPad = "UIInterfaceOrientationLandscapeLeft UIInterfaceOrientationLandscapeRight UIInterfaceOrientationPortrait UIInterfaceOrientationPortraitUpsideDown";
				LD_RUNPATH_SEARCH_PATHS = (
					"$(inherited)",
					"@executable_path/Frameworks",
				);
				MARKETING_VERSION = 1.0;
				PRODUCT_BUNDLE_IDENTIFIER = TodoListForTest.TodoListForTest;
				PRODUCT_NAME = "$(TARGET_NAME)";
				SUPPORTED_PLATFORMS = "iphoneos iphonesimulator";
				SUPPORTS_MACCATALYST = NO;
				SUPPORTS_MAC_DESIGNED_FOR_IPHONE_IPAD = NO;
				SUPPORTS_XR_DESIGNED_FOR_IPHONE_IPAD = NO;
				SWIFT_EMIT_LOC_STRINGS = YES;
				SWIFT_VERSION = 5.0;
				TARGETED_DEVICE_FAMILY = 1;
			};
			name = Release;
		};
/* End XCBuildConfiguration section */

/* Begin XCConfigurationList section */
		3C99671E2C7C896600649B53 /* Build configuration list for PBXNativeTarget "TodoListForTestTests" */ = {
			isa = XCConfigurationList;
			buildConfigurations = (
				3C99671F2C7C896600649B53 /* Debug */,
				3C9967202C7C896600649B53 /* Release */,
			);
			defaultConfigurationIsVisible = 0;
			defaultConfigurationName = Release;
		};
		3CA205CF2C7B132500F9E2F6 /* Build configuration list for PBXProject "TodoListForTest" */ = {
			isa = XCConfigurationList;
			buildConfigurations = (
				3CA205FF2C7B132700F9E2F6 /* Debug */,
				3CA206002C7B132700F9E2F6 /* Release */,
			);
			defaultConfigurationIsVisible = 0;
			defaultConfigurationName = Release;
		};
		3CA206012C7B132700F9E2F6 /* Build configuration list for PBXNativeTarget "TodoListForTest" */ = {
			isa = XCConfigurationList;
			buildConfigurations = (
				3CA206022C7B132700F9E2F6 /* Debug */,
				3CA206032C7B132700F9E2F6 /* Release */,
			);
			defaultConfigurationIsVisible = 0;
			defaultConfigurationName = Release;
		};
/* End XCConfigurationList section */

/* Begin XCVersionGroup section */
		3CA205E02C7B132500F9E2F6 /* TodoListForTest.xcdatamodeld */ = {
			isa = XCVersionGroup;
			children = (
				3CA205E12C7B132500F9E2F6 /* TodoListForTest.xcdatamodel */,
			);
			currentVersion = 3CA205E12C7B132500F9E2F6 /* TodoListForTest.xcdatamodel */;
			path = TodoListForTest.xcdatamodeld;
			sourceTree = "<group>";
			versionGroupType = wrapper.xcdatamodel;
		};
/* End XCVersionGroup section */
	};
	rootObject = 3CA205CC2C7B132500F9E2F6 /* Project object */;
}
